{
  "nodes": {
    "nixpkgs": {
      "locked": {
        "lastModified": 1783776592,
        "narHash": "sha256-UgCQzxeWI75XM8G+hPrPh+MKzEPjG3SpAj7dtqSbksA=",
        "owner": "NixOS",
        "repo": "nixpkgs",
        "rev": "e7a3ca8092b61ff85b6a45bf863ea2b2d6a661b3",
        "type": "github"
      },
      "original": {
        "owner": "NixOS",
        "ref": "nixos-unstable",
        "repo": "nixpkgs",
        "type": "github"
      }
    },
    "root": {
      "inputs": {
        "nixpkgs": "nixpkgs",
        "webui": "webui"
      }
    },
    "webui": {
      "flake": false,
      "locked": {
        "lastModified": 1784828099,
        "narHash": "sha256-fB1iDfGUlBTxTCWmzeUj4SwAhuDaWpfDt3JrATAWTyw=",
        "owner": "webui-dev",
        "repo": "webui",
        "rev": "c32f702178b311d7a3ceba107dc2ec3ef3f8f230",
        "type": "github"
      },
      "original": {
        "owner": "webui-dev",
        "repo": "webui",
        "rev": "c32f702178b311d7a3ceba107dc2ec3ef3f8f230",
        "type": "github"
      }
    }
  },
  "root": "root",
  "version": 7
}
